
Microsoft Visual Studio Solution File, Format Version 12.00
# Visual Studio Version 17
VisualStudioVersion = 17.5.33530.505
MinimumVisualStudioVersion = 10.0.40219.1
Project("{FAE04EC0-301F-11D3-BF4B-00C04F79EFBC}") = "TIENDAACTIVIDADES.DAL", "TIENDAACTIVIDADES.DAL\TIENDAACTIVIDADES.DAL.csproj", "{4D675978-79FC-4E57-B3D1-B2D8F42946DB}"
EndProject
Project("{FAE04EC0-301F-11D3-BF4B-00C04F79EFBC}") = "TIENDAACTIVIDADES.BSS", "TIENDAACTIVIDADES.BSS\TIENDAACTIVIDADES.BSS.csproj", "{2102679B-9D34-4C41-8923-9BD1BF23A55F}"
EndProject
Project("{FAE04EC0-301F-11D3-BF4B-00C04F79EFBC}") = "TIENDAACTIVIDADES.MODELOS", "TIENDAACTIVIDADES.MODELOS\TIENDAACTIVIDADES.MODELOS.csproj", "{3D2EEAC0-82CC-4C63-AF4A-56AA78D4960B}"
EndProject
Project("{FAE04EC0-301F-11D3-BF4B-00C04F79EFBC}") = "TIENDAACTIVIDADES.VISTAS", "TIENDAACTIVIDADES.VISTAS\TIENDAACTIVIDADES.VISTAS.csproj", "{E1630900-3990-4128-8384-A403A047243A}"
EndProject
Global
	GlobalSection(SolutionConfigurationPlatforms) = preSolution
		Debug|Any CPU = Debug|Any CPU
		Release|Any CPU = Release|Any CPU
	EndGlobalSection
	GlobalSection(ProjectConfigurationPlatforms) = postSolution
		{4D675978-79FC-4E57-B3D1-B2D8F42946DB}.Debug|Any CPU.ActiveCfg = Debug|Any CPU
		{4D675978-79FC-4E57-B3D1-B2D8F42946DB}.Debug|Any CPU.Build.0 = Debug|Any CPU
		{4D675978-79FC-4E57-B3D1-B2D8F42946DB}.Release|Any CPU.ActiveCfg = Release|Any CPU
		{4D675978-79FC-4E57-B3D1-B2D8F42946DB}.Release|Any CPU.Build.0 = Release|Any CPU
		{2102679B-9D34-4C41-8923-9BD1BF23A55F}.Debug|Any CPU.ActiveCfg = Debug|Any CPU
		{2102679B-9D34-4C41-8923-9BD1BF23A55F}.Debug|Any CPU.Build.0 = Debug|Any CPU
		{2102679B-9D34-4C41-8923-9BD1BF23A55F}.Release|Any CPU.ActiveCfg = Release|Any CPU
		{2102679B-9D34-4C41-8923-9BD1BF23A55F}.Release|Any CPU.Build.0 = Release|Any CPU
		{3D2EEAC0-82CC-4C63-AF4A-56AA78D4960B}.Debug|Any CPU.ActiveCfg = Debug|Any CPU
		{3D2EEAC0-82CC-4C63-AF4A-56AA78D4960B}.Debug|Any CPU.Build.0 = Debug|Any CPU
		{3D2EEAC0-82CC-4C63-AF4A-56AA78D4960B}.Release|Any CPU.ActiveCfg = Release|Any CPU
		{3D2EEAC0-82CC-4C63-AF4A-56AA78D4960B}.Release|Any CPU.Build.0 = Release|Any CPU
		{E1630900-3990-4128-8384-A403A047243A}.Debug|Any CPU.ActiveCfg = Debug|Any CPU
		{E1630900-3990-4128-8384-A403A047243A}.Debug|Any CPU.Build.0 = Debug|Any CPU
		{E1630900-3990-4128-8384-A403A047243A}.Release|Any CPU.ActiveCfg = Release|Any CPU
		{E1630900-3990-4128-8384-A403A047243A}.Release|Any CPU.Build.0 = Release|Any CPU
	EndGlobalSection
	GlobalSection(SolutionProperties) = preSolution
		HideSolutionNode = FALSE
	EndGlobalSection
	GlobalSection(ExtensibilityGlobals) = postSolution
		SolutionGuid = {0A32B926-F55E-4489-99BD-76F8BD31B0CE}
	EndGlobalSection
EndGlobal
